
PODS: 
- Kiwi (1.1.1)
- MKNetworkKit (0.87): 
  - Reachability (~> 3.1.0)
- Reachability (3.1.0)

DEPENDENCIES: 
- Kiwi (~> 1.1.1)
- MKNetworkKit (~> 0.87)

COCOAPODS: 0.16.2

SPEC CHECKSUMS: 
  Reachability: 1c8584c5f26fa776695efef95caaa50402c94cfb
  MKNetworkKit: 3d581af82df1a59e38efef8afef08437cef0df69
  Kiwi: ab0fa8d13b97dca05915e31df9b2d888d74ab717
