// !$*UTF8*$!
{
	archiveVersion = 1;
	classes = {
	};
	objectVersion = 46;
	objects = {

/* Begin PBXBuildFile section */
		39510000989F40589B1E62B2 /* libPods.a in Frameworks */ = {isa = PBXBuildFile; fileRef = 0AE18E91493A45BE9CFB5B14 /* libPods.a */; };
		611F928C15F7145A0024EFA7 /* APQuery.h in Headers */ = {isa = PBXBuildFile; fileRef = 611F928A15F7145A0024EFA7 /* APQuery.h */; };
		611F928D15F7145A0024EFA7 /* APQuery.m in Sources */ = {isa = PBXBuildFile; fileRef = 611F928B15F7145A0024EFA7 /* APQuery.m */; };
		612E3E0E15EDF8FE00F98FB8 /* Foundation.framework in Frameworks */ = {isa = PBXBuildFile; fileRef = 612E3E0D15EDF8FE00F98FB8 /* Foundation.framework */; };
		612E3E1C15EDF8FE00F98FB8 /* SenTestingKit.framework in Frameworks */ = {isa = PBXBuildFile; fileRef = 612E3E1B15EDF8FE00F98FB8 /* SenTestingKit.framework */; };
		612E3E1F15EDF8FE00F98FB8 /* Foundation.framework in Frameworks */ = {isa = PBXBuildFile; fileRef = 612E3E0D15EDF8FE00F98FB8 /* Foundation.framework */; };
		612E3E2215EDF8FE00F98FB8 /* libAppacitive-iOS-SDK.a in Frameworks */ = {isa = PBXBuildFile; fileRef = 612E3E0A15EDF8FD00F98FB8 /* libAppacitive-iOS-SDK.a */; };
		612E3E2815EDF8FE00F98FB8 /* InfoPlist.strings in Resources */ = {isa = PBXBuildFile; fileRef = 612E3E2615EDF8FE00F98FB8 /* InfoPlist.strings */; };
		612E3E3915EDF9C200F98FB8 /* APObject.h in Headers */ = {isa = PBXBuildFile; fileRef = 612E3E3515EDF9C200F98FB8 /* APObject.h */; };
		612E3E3A15EDF9C200F98FB8 /* APObject.m in Sources */ = {isa = PBXBuildFile; fileRef = 612E3E3615EDF9C200F98FB8 /* APObject.m */; };
		612E3E3B15EDF9C200F98FB8 /* APError.h in Headers */ = {isa = PBXBuildFile; fileRef = 612E3E3715EDF9C200F98FB8 /* APError.h */; };
		612E3E3C15EDF9C200F98FB8 /* APError.m in Sources */ = {isa = PBXBuildFile; fileRef = 612E3E3815EDF9C200F98FB8 /* APError.m */; };
		612E3E3E15EDF9E100F98FB8 /* APResponseBlocks.h in Headers */ = {isa = PBXBuildFile; fileRef = 612E3E3D15EDF9E100F98FB8 /* APResponseBlocks.h */; };
		612E3E4715EE026400F98FB8 /* Appacitive.h in Headers */ = {isa = PBXBuildFile; fileRef = 612E3E4515EE026400F98FB8 /* Appacitive.h */; };
		612E3E4815EE026400F98FB8 /* Appacitive.m in Sources */ = {isa = PBXBuildFile; fileRef = 612E3E4615EE026400F98FB8 /* Appacitive.m */; };
		61388C1615F8667000C79F1F /* CoreLocation.framework in Frameworks */ = {isa = PBXBuildFile; fileRef = 61388C1515F8667000C79F1F /* CoreLocation.framework */; };
		616A6A0F15F48488009A8578 /* CFNetwork.framework in Frameworks */ = {isa = PBXBuildFile; fileRef = 616A6A0E15F48488009A8578 /* CFNetwork.framework */; };
		616A6A1115F4848D009A8578 /* Security.framework in Frameworks */ = {isa = PBXBuildFile; fileRef = 616A6A1015F4848D009A8578 /* Security.framework */; };
		616A6A1315F484E7009A8578 /* SystemConfiguration.framework in Frameworks */ = {isa = PBXBuildFile; fileRef = 616A6A1215F484E7009A8578 /* SystemConfiguration.framework */; };
		616A6A1515F4850E009A8578 /* UIKit.framework in Frameworks */ = {isa = PBXBuildFile; fileRef = 616A6A1415F4850E009A8578 /* UIKit.framework */; };
		616A6A1815F4857F009A8578 /* APHelperMethods.h in Headers */ = {isa = PBXBuildFile; fileRef = 616A6A1615F4857F009A8578 /* APHelperMethods.h */; };
		616A6A1915F4857F009A8578 /* APHelperMethods.m in Sources */ = {isa = PBXBuildFile; fileRef = 616A6A1715F4857F009A8578 /* APHelperMethods.m */; };
		616A6A3015F48CB8009A8578 /* APHelperMethodTest.m in Sources */ = {isa = PBXBuildFile; fileRef = 616A6A2F15F48CB8009A8578 /* APHelperMethodTest.m */; };
		616A6A3A15F494B8009A8578 /* APObjectTest.m in Sources */ = {isa = PBXBuildFile; fileRef = 616A6A3915F494B7009A8578 /* APObjectTest.m */; };
		616A6A3D15F49A1F009A8578 /* APConnection.h in Headers */ = {isa = PBXBuildFile; fileRef = 616A6A3B15F49A1F009A8578 /* APConnection.h */; };
		616A6A3E15F49A1F009A8578 /* APConnection.m in Sources */ = {isa = PBXBuildFile; fileRef = 616A6A3C15F49A1F009A8578 /* APConnection.m */; };
		61AEAFA315EF1F4D00DA6C55 /* AppacitiveTest.m in Sources */ = {isa = PBXBuildFile; fileRef = 61AEAFA215EF1F4D00DA6C55 /* AppacitiveTest.m */; };
/* End PBXBuildFile section */

/* Begin PBXContainerItemProxy section */
		612E3E2015EDF8FE00F98FB8 /* PBXContainerItemProxy */ = {
			isa = PBXContainerItemProxy;
			containerPortal = 612E3E0115EDF8FD00F98FB8 /* Project object */;
			proxyType = 1;
			remoteGlobalIDString = 612E3E0915EDF8FD00F98FB8;
			remoteInfo = "AppYoda-iOS-SDK";
		};
/* End PBXContainerItemProxy section */

/* Begin PBXFileReference section */
		01DC32F44D8D45CAA1F2A598 /* Pods.xcconfig */ = {isa = PBXFileReference; includeInIndex = 1; lastKnownFileType = text.xcconfig; name = Pods.xcconfig; path = Pods/Pods.xcconfig; sourceTree = SOURCE_ROOT; };
		0AE18E91493A45BE9CFB5B14 /* libPods.a */ = {isa = PBXFileReference; explicitFileType = archive.ar; includeInIndex = 0; path = libPods.a; sourceTree = BUILT_PRODUCTS_DIR; };
		611F928A15F7145A0024EFA7 /* APQuery.h */ = {isa = PBXFileReference; fileEncoding = 4; lastKnownFileType = sourcecode.c.h; path = APQuery.h; sourceTree = "<group>"; };
		611F928B15F7145A0024EFA7 /* APQuery.m */ = {isa = PBXFileReference; fileEncoding = 4; lastKnownFileType = sourcecode.c.objc; path = APQuery.m; sourceTree = "<group>"; };
		612E3E0A15EDF8FD00F98FB8 /* libAppacitive-iOS-SDK.a */ = {isa = PBXFileReference; explicitFileType = archive.ar; includeInIndex = 0; path = "libAppacitive-iOS-SDK.a"; sourceTree = BUILT_PRODUCTS_DIR; };
		612E3E0D15EDF8FE00F98FB8 /* Foundation.framework */ = {isa = PBXFileReference; includeInIndex = 1; lastKnownFileType = wrapper.framework; name = Foundation.framework; path = System/Library/Frameworks/Foundation.framework; sourceTree = SDKROOT; };
		612E3E1115EDF8FE00F98FB8 /* Appacitive-iOS-SDK-Prefix.pch */ = {isa = PBXFileReference; lastKnownFileType = sourcecode.c.h; path = "Appacitive-iOS-SDK-Prefix.pch"; sourceTree = "<group>"; };
		612E3E1A15EDF8FE00F98FB8 /* Appacitive-iOS-SDKTests.octest */ = {isa = PBXFileReference; explicitFileType = wrapper.cfbundle; includeInIndex = 0; path = "Appacitive-iOS-SDKTests.octest"; sourceTree = BUILT_PRODUCTS_DIR; };
		612E3E1B15EDF8FE00F98FB8 /* SenTestingKit.framework */ = {isa = PBXFileReference; includeInIndex = 1; lastKnownFileType = wrapper.framework; name = SenTestingKit.framework; path = Library/Frameworks/SenTestingKit.framework; sourceTree = DEVELOPER_DIR; };
		612E3E2715EDF8FE00F98FB8 /* en */ = {isa = PBXFileReference; lastKnownFileType = text.plist.strings; name = en; path = en.lproj/InfoPlist.strings; sourceTree = "<group>"; };
		612E3E3515EDF9C200F98FB8 /* APObject.h */ = {isa = PBXFileReference; fileEncoding = 4; lastKnownFileType = sourcecode.c.h; path = APObject.h; sourceTree = "<group>"; };
		612E3E3615EDF9C200F98FB8 /* APObject.m */ = {isa = PBXFileReference; fileEncoding = 4; lastKnownFileType = sourcecode.c.objc; path = APObject.m; sourceTree = "<group>"; };
		612E3E3715EDF9C200F98FB8 /* APError.h */ = {isa = PBXFileReference; fileEncoding = 4; lastKnownFileType = sourcecode.c.h; path = APError.h; sourceTree = "<group>"; };
		612E3E3815EDF9C200F98FB8 /* APError.m */ = {isa = PBXFileReference; fileEncoding = 4; lastKnownFileType = sourcecode.c.objc; path = APError.m; sourceTree = "<group>"; };
		612E3E3D15EDF9E100F98FB8 /* APResponseBlocks.h */ = {isa = PBXFileReference; fileEncoding = 4; lastKnownFileType = sourcecode.c.h; path = APResponseBlocks.h; sourceTree = "<group>"; };
		612E3E4515EE026400F98FB8 /* Appacitive.h */ = {isa = PBXFileReference; fileEncoding = 4; lastKnownFileType = sourcecode.c.h; path = Appacitive.h; sourceTree = "<group>"; };
		612E3E4615EE026400F98FB8 /* Appacitive.m */ = {isa = PBXFileReference; fileEncoding = 4; lastKnownFileType = sourcecode.c.objc; path = Appacitive.m; sourceTree = "<group>"; };
		61388C1515F8667000C79F1F /* CoreLocation.framework */ = {isa = PBXFileReference; lastKnownFileType = wrapper.framework; name = CoreLocation.framework; path = System/Library/Frameworks/CoreLocation.framework; sourceTree = SDKROOT; };
		616A6A0E15F48488009A8578 /* CFNetwork.framework */ = {isa = PBXFileReference; lastKnownFileType = wrapper.framework; name = CFNetwork.framework; path = System/Library/Frameworks/CFNetwork.framework; sourceTree = SDKROOT; };
		616A6A1015F4848D009A8578 /* Security.framework */ = {isa = PBXFileReference; lastKnownFileType = wrapper.framework; name = Security.framework; path = System/Library/Frameworks/Security.framework; sourceTree = SDKROOT; };
		616A6A1215F484E7009A8578 /* SystemConfiguration.framework */ = {isa = PBXFileReference; lastKnownFileType = wrapper.framework; name = SystemConfiguration.framework; path = System/Library/Frameworks/SystemConfiguration.framework; sourceTree = SDKROOT; };
		616A6A1415F4850E009A8578 /* UIKit.framework */ = {isa = PBXFileReference; lastKnownFileType = wrapper.framework; name = UIKit.framework; path = System/Library/Frameworks/UIKit.framework; sourceTree = SDKROOT; };
		616A6A1615F4857F009A8578 /* APHelperMethods.h */ = {isa = PBXFileReference; fileEncoding = 4; lastKnownFileType = sourcecode.c.h; path = APHelperMethods.h; sourceTree = "<group>"; };
		616A6A1715F4857F009A8578 /* APHelperMethods.m */ = {isa = PBXFileReference; fileEncoding = 4; lastKnownFileType = sourcecode.c.objc; path = APHelperMethods.m; sourceTree = "<group>"; };
		616A6A2E15F48CB8009A8578 /* APHelperMethodTest.h */ = {isa = PBXFileReference; fileEncoding = 4; lastKnownFileType = sourcecode.c.h; path = APHelperMethodTest.h; sourceTree = "<group>"; };
		616A6A2F15F48CB8009A8578 /* APHelperMethodTest.m */ = {isa = PBXFileReference; fileEncoding = 4; lastKnownFileType = sourcecode.c.objc; path = APHelperMethodTest.m; sourceTree = "<group>"; };
		616A6A3815F494B7009A8578 /* APObjectTest.h */ = {isa = PBXFileReference; fileEncoding = 4; lastKnownFileType = sourcecode.c.h; path = APObjectTest.h; sourceTree = "<group>"; };
		616A6A3915F494B7009A8578 /* APObjectTest.m */ = {isa = PBXFileReference; fileEncoding = 4; lastKnownFileType = sourcecode.c.objc; path = APObjectTest.m; sourceTree = "<group>"; };
		616A6A3B15F49A1F009A8578 /* APConnection.h */ = {isa = PBXFileReference; fileEncoding = 4; lastKnownFileType = sourcecode.c.h; path = APConnection.h; sourceTree = "<group>"; };
		616A6A3C15F49A1F009A8578 /* APConnection.m */ = {isa = PBXFileReference; fileEncoding = 4; lastKnownFileType = sourcecode.c.objc; path = APConnection.m; sourceTree = "<group>"; };
		61AEAFA115EF1F4D00DA6C55 /* AppacitiveTest.h */ = {isa = PBXFileReference; fileEncoding = 4; lastKnownFileType = sourcecode.c.h; path = AppacitiveTest.h; sourceTree = "<group>"; };
		61AEAFA215EF1F4D00DA6C55 /* AppacitiveTest.m */ = {isa = PBXFileReference; fileEncoding = 4; lastKnownFileType = sourcecode.c.objc; path = AppacitiveTest.m; sourceTree = "<group>"; };
/* End PBXFileReference section */

/* Begin PBXFrameworksBuildPhase section */
		612E3E0715EDF8FD00F98FB8 /* Frameworks */ = {
			isa = PBXFrameworksBuildPhase;
			buildActionMask = 2147483647;
			files = (
				61388C1615F8667000C79F1F /* CoreLocation.framework in Frameworks */,
				612E3E0E15EDF8FE00F98FB8 /* Foundation.framework in Frameworks */,
				39510000989F40589B1E62B2 /* libPods.a in Frameworks */,
			);
			runOnlyForDeploymentPostprocessing = 0;
		};
		612E3E1615EDF8FE00F98FB8 /* Frameworks */ = {
			isa = PBXFrameworksBuildPhase;
			buildActionMask = 2147483647;
			files = (
				616A6A1515F4850E009A8578 /* UIKit.framework in Frameworks */,
				616A6A1315F484E7009A8578 /* SystemConfiguration.framework in Frameworks */,
				616A6A1115F4848D009A8578 /* Security.framework in Frameworks */,
				616A6A0F15F48488009A8578 /* CFNetwork.framework in Frameworks */,
				612E3E1C15EDF8FE00F98FB8 /* SenTestingKit.framework in Frameworks */,
				612E3E1F15EDF8FE00F98FB8 /* Foundation.framework in Frameworks */,
				612E3E2215EDF8FE00F98FB8 /* libAppacitive-iOS-SDK.a in Frameworks */,
			);
			runOnlyForDeploymentPostprocessing = 0;
		};
/* End PBXFrameworksBuildPhase section */

/* Begin PBXGroup section */
		612E3DFF15EDF8FD00F98FB8 = {
			isa = PBXGroup;
			children = (
				612E3E0F15EDF8FE00F98FB8 /* Appacitive-iOS-SDK */,
				612E3E2315EDF8FE00F98FB8 /* Appacitive-iOS-SDKTests */,
				612E3E0C15EDF8FE00F98FB8 /* Frameworks */,
				612E3E0B15EDF8FD00F98FB8 /* Products */,
				01DC32F44D8D45CAA1F2A598 /* Pods.xcconfig */,
			);
			sourceTree = "<group>";
			usesTabs = 0;
		};
		612E3E0B15EDF8FD00F98FB8 /* Products */ = {
			isa = PBXGroup;
			children = (
				612E3E0A15EDF8FD00F98FB8 /* libAppacitive-iOS-SDK.a */,
				612E3E1A15EDF8FE00F98FB8 /* Appacitive-iOS-SDKTests.octest */,
			);
			name = Products;
			sourceTree = "<group>";
		};
		612E3E0C15EDF8FE00F98FB8 /* Frameworks */ = {
			isa = PBXGroup;
			children = (
				61388C1515F8667000C79F1F /* CoreLocation.framework */,
				616A6A1415F4850E009A8578 /* UIKit.framework */,
				616A6A1215F484E7009A8578 /* SystemConfiguration.framework */,
				616A6A1015F4848D009A8578 /* Security.framework */,
				616A6A0E15F48488009A8578 /* CFNetwork.framework */,
				612E3E0D15EDF8FE00F98FB8 /* Foundation.framework */,
				612E3E1B15EDF8FE00F98FB8 /* SenTestingKit.framework */,
				0AE18E91493A45BE9CFB5B14 /* libPods.a */,
			);
			name = Frameworks;
			sourceTree = "<group>";
		};
		612E3E0F15EDF8FE00F98FB8 /* Appacitive-iOS-SDK */ = {
			isa = PBXGroup;
			children = (
				612E3E3415EDF9B200F98FB8 /* Classes */,
				612E3E1015EDF8FE00F98FB8 /* Supporting Files */,
			);
			name = "Appacitive-iOS-SDK";
			path = "AppYoda-iOS-SDK";
			sourceTree = "<group>";
		};
		612E3E1015EDF8FE00F98FB8 /* Supporting Files */ = {
			isa = PBXGroup;
			children = (
				612E3E1115EDF8FE00F98FB8 /* Appacitive-iOS-SDK-Prefix.pch */,
			);
			name = "Supporting Files";
			sourceTree = "<group>";
		};
		612E3E2315EDF8FE00F98FB8 /* Appacitive-iOS-SDKTests */ = {
			isa = PBXGroup;
			children = (
				61AEAFA115EF1F4D00DA6C55 /* AppacitiveTest.h */,
				61AEAFA215EF1F4D00DA6C55 /* AppacitiveTest.m */,
				616A6A3815F494B7009A8578 /* APObjectTest.h */,
				616A6A3915F494B7009A8578 /* APObjectTest.m */,
				616A6A2E15F48CB8009A8578 /* APHelperMethodTest.h */,
				616A6A2F15F48CB8009A8578 /* APHelperMethodTest.m */,
				612E3E2415EDF8FE00F98FB8 /* Supporting Files */,
			);
			name = "Appacitive-iOS-SDKTests";
			path = "AppYoda-iOS-SDKTests";
			sourceTree = "<group>";
		};
		612E3E2415EDF8FE00F98FB8 /* Supporting Files */ = {
			isa = PBXGroup;
			children = (
				612E3E2615EDF8FE00F98FB8 /* InfoPlist.strings */,
			);
			name = "Supporting Files";
			sourceTree = "<group>";
		};
		612E3E3415EDF9B200F98FB8 /* Classes */ = {
			isa = PBXGroup;
			children = (
				616A6A1615F4857F009A8578 /* APHelperMethods.h */,
				616A6A1715F4857F009A8578 /* APHelperMethods.m */,
				612E3E4515EE026400F98FB8 /* Appacitive.h */,
				612E3E4615EE026400F98FB8 /* Appacitive.m */,
				612E3E3D15EDF9E100F98FB8 /* APResponseBlocks.h */,
				612E3E3515EDF9C200F98FB8 /* APObject.h */,
				612E3E3615EDF9C200F98FB8 /* APObject.m */,
				612E3E3715EDF9C200F98FB8 /* APError.h */,
				612E3E3815EDF9C200F98FB8 /* APError.m */,
				616A6A3B15F49A1F009A8578 /* APConnection.h */,
				616A6A3C15F49A1F009A8578 /* APConnection.m */,
				611F928A15F7145A0024EFA7 /* APQuery.h */,
				611F928B15F7145A0024EFA7 /* APQuery.m */,
			);
			path = Classes;
			sourceTree = "<group>";
		};
/* End PBXGroup section */

/* Begin PBXHeadersBuildPhase section */
		612E3E0815EDF8FD00F98FB8 /* Headers */ = {
			isa = PBXHeadersBuildPhase;
			buildActionMask = 2147483647;
			files = (
				612E3E3915EDF9C200F98FB8 /* APObject.h in Headers */,
				612E3E3B15EDF9C200F98FB8 /* APError.h in Headers */,
				612E3E3E15EDF9E100F98FB8 /* APResponseBlocks.h in Headers */,
				612E3E4715EE026400F98FB8 /* Appacitive.h in Headers */,
				616A6A1815F4857F009A8578 /* APHelperMethods.h in Headers */,
				616A6A3D15F49A1F009A8578 /* APConnection.h in Headers */,
				611F928C15F7145A0024EFA7 /* APQuery.h in Headers */,
			);
			runOnlyForDeploymentPostprocessing = 0;
		};
/* End PBXHeadersBuildPhase section */

/* Begin PBXNativeTarget section */
		612E3E0915EDF8FD00F98FB8 /* Appacitive-iOS-SDK */ = {
			isa = PBXNativeTarget;
			buildConfigurationList = 612E3E2E15EDF8FE00F98FB8 /* Build configuration list for PBXNativeTarget "Appacitive-iOS-SDK" */;
			buildPhases = (
				612E3E0615EDF8FD00F98FB8 /* Sources */,
				612E3E0715EDF8FD00F98FB8 /* Frameworks */,
				612E3E0815EDF8FD00F98FB8 /* Headers */,
			);
			buildRules = (
			);
			dependencies = (
			);
			name = "Appacitive-iOS-SDK";
			productName = "AppYoda-iOS-SDK";
			productReference = 612E3E0A15EDF8FD00F98FB8 /* libAppacitive-iOS-SDK.a */;
			productType = "com.apple.product-type.library.static";
		};
		612E3E1915EDF8FE00F98FB8 /* Appacitive-iOS-SDKTests */ = {
			isa = PBXNativeTarget;
			buildConfigurationList = 612E3E3115EDF8FE00F98FB8 /* Build configuration list for PBXNativeTarget "Appacitive-iOS-SDKTests" */;
			buildPhases = (
				612E3E1515EDF8FE00F98FB8 /* Sources */,
				612E3E1615EDF8FE00F98FB8 /* Frameworks */,
				612E3E1715EDF8FE00F98FB8 /* Resources */,
				457415B4877F48E0AA55786C /* Copy Pods Resources */,
				612E3E1815EDF8FE00F98FB8 /* ShellScript */,
			);
			buildRules = (
			);
			dependencies = (
				612E3E2115EDF8FE00F98FB8 /* PBXTargetDependency */,
			);
			name = "Appacitive-iOS-SDKTests";
			productName = "AppYoda-iOS-SDKTests";
			productReference = 612E3E1A15EDF8FE00F98FB8 /* Appacitive-iOS-SDKTests.octest */;
			productType = "com.apple.product-type.bundle";
		};
/* End PBXNativeTarget section */

/* Begin PBXProject section */
		612E3E0115EDF8FD00F98FB8 /* Project object */ = {
			isa = PBXProject;
			attributes = {
				LastUpgradeCheck = 0430;
				ORGANIZATIONNAME = "Appacitive Software Pvt. Ltd";
			};
			buildConfigurationList = 612E3E0415EDF8FD00F98FB8 /* Build configuration list for PBXProject "Appacitive-iOS-SDK" */;
			compatibilityVersion = "Xcode 3.2";
			developmentRegion = English;
			hasScannedForEncodings = 0;
			knownRegions = (
				en,
			);
			mainGroup = 612E3DFF15EDF8FD00F98FB8;
			productRefGroup = 612E3E0B15EDF8FD00F98FB8 /* Products */;
			projectDirPath = "";
			projectRoot = "";
			targets = (
				612E3E0915EDF8FD00F98FB8 /* Appacitive-iOS-SDK */,
				612E3E1915EDF8FE00F98FB8 /* Appacitive-iOS-SDKTests */,
			);
		};
/* End PBXProject section */

/* Begin PBXResourcesBuildPhase section */
		612E3E1715EDF8FE00F98FB8 /* Resources */ = {
			isa = PBXResourcesBuildPhase;
			buildActionMask = 2147483647;
			files = (
				612E3E2815EDF8FE00F98FB8 /* InfoPlist.strings in Resources */,
			);
			runOnlyForDeploymentPostprocessing = 0;
		};
/* End PBXResourcesBuildPhase section */

/* Begin PBXShellScriptBuildPhase section */
		457415B4877F48E0AA55786C /* Copy Pods Resources */ = {
			isa = PBXShellScriptBuildPhase;
			buildActionMask = 2147483647;
			files = (
			);
			inputPaths = (
			);
			name = "Copy Pods Resources";
			outputPaths = (
			);
			runOnlyForDeploymentPostprocessing = 0;
			shellPath = /bin/sh;
			shellScript = "\"${SRCROOT}/Pods/Pods-resources.sh\"\n";
		};
		612E3E1815EDF8FE00F98FB8 /* ShellScript */ = {
			isa = PBXShellScriptBuildPhase;
			buildActionMask = 2147483647;
			files = (
			);
			inputPaths = (
			);
			outputPaths = (
			);
			runOnlyForDeploymentPostprocessing = 0;
			shellPath = /bin/sh;
			shellScript = "# Run the unit tests in this test bundle.\n\"${SYSTEM_DEVELOPER_DIR}/Tools/RunUnitTests\"\n";
		};
/* End PBXShellScriptBuildPhase section */

/* Begin PBXSourcesBuildPhase section */
		612E3E0615EDF8FD00F98FB8 /* Sources */ = {
			isa = PBXSourcesBuildPhase;
			buildActionMask = 2147483647;
			files = (
				612E3E3A15EDF9C200F98FB8 /* APObject.m in Sources */,
				612E3E3C15EDF9C200F98FB8 /* APError.m in Sources */,
				612E3E4815EE026400F98FB8 /* Appacitive.m in Sources */,
				616A6A1915F4857F009A8578 /* APHelperMethods.m in Sources */,
				616A6A3E15F49A1F009A8578 /* APConnection.m in Sources */,
				611F928D15F7145A0024EFA7 /* APQuery.m in Sources */,
			);
			runOnlyForDeploymentPostprocessing = 0;
		};
		612E3E1515EDF8FE00F98FB8 /* Sources */ = {
			isa = PBXSourcesBuildPhase;
			buildActionMask = 2147483647;
			files = (
				61AEAFA315EF1F4D00DA6C55 /* AppacitiveTest.m in Sources */,
				616A6A3015F48CB8009A8578 /* APHelperMethodTest.m in Sources */,
				616A6A3A15F494B8009A8578 /* APObjectTest.m in Sources */,
			);
			runOnlyForDeploymentPostprocessing = 0;
		};
/* End PBXSourcesBuildPhase section */

/* Begin PBXTargetDependency section */
		612E3E2115EDF8FE00F98FB8 /* PBXTargetDependency */ = {
			isa = PBXTargetDependency;
			target = 612E3E0915EDF8FD00F98FB8 /* Appacitive-iOS-SDK */;
			targetProxy = 612E3E2015EDF8FE00F98FB8 /* PBXContainerItemProxy */;
		};
/* End PBXTargetDependency section */

/* Begin PBXVariantGroup section */
		612E3E2615EDF8FE00F98FB8 /* InfoPlist.strings */ = {
			isa = PBXVariantGroup;
			children = (
				612E3E2715EDF8FE00F98FB8 /* en */,
			);
			name = InfoPlist.strings;
			sourceTree = "<group>";
		};
/* End PBXVariantGroup section */

/* Begin XCBuildConfiguration section */
		612E3E2C15EDF8FE00F98FB8 /* Debug */ = {
			isa = XCBuildConfiguration;
			buildSettings = {
				ALWAYS_SEARCH_USER_PATHS = NO;
				ARCHS = "$(ARCHS_STANDARD_32_BIT)";
				CLANG_ENABLE_OBJC_ARC = YES;
				COPY_PHASE_STRIP = NO;
				GCC_C_LANGUAGE_STANDARD = gnu99;
				GCC_DYNAMIC_NO_PIC = NO;
				GCC_OPTIMIZATION_LEVEL = 0;
				GCC_PREPROCESSOR_DEFINITIONS = (
					"DEBUG=1",
					"$(inherited)",
				);
				GCC_SYMBOLS_PRIVATE_EXTERN = NO;
				GCC_VERSION = com.apple.compilers.llvm.clang.1_0;
				GCC_WARN_ABOUT_RETURN_TYPE = YES;
				GCC_WARN_UNINITIALIZED_AUTOS = YES;
				GCC_WARN_UNUSED_VARIABLE = YES;
				IPHONEOS_DEPLOYMENT_TARGET = 5.1;
				SDKROOT = iphoneos;
			};
			name = Debug;
		};
		612E3E2D15EDF8FE00F98FB8 /* Release */ = {
			isa = XCBuildConfiguration;
			buildSettings = {
				ALWAYS_SEARCH_USER_PATHS = NO;
				ARCHS = "$(ARCHS_STANDARD_32_BIT)";
				CLANG_ENABLE_OBJC_ARC = YES;
				COPY_PHASE_STRIP = YES;
				GCC_C_LANGUAGE_STANDARD = gnu99;
				GCC_VERSION = com.apple.compilers.llvm.clang.1_0;
				GCC_WARN_ABOUT_RETURN_TYPE = YES;
				GCC_WARN_UNINITIALIZED_AUTOS = YES;
				GCC_WARN_UNUSED_VARIABLE = YES;
				IPHONEOS_DEPLOYMENT_TARGET = 5.1;
				SDKROOT = iphoneos;
				VALIDATE_PRODUCT = YES;
			};
			name = Release;
		};
		612E3E2F15EDF8FE00F98FB8 /* Debug */ = {
			isa = XCBuildConfiguration;
			baseConfigurationReference = 01DC32F44D8D45CAA1F2A598 /* Pods.xcconfig */;
			buildSettings = {
				ALWAYS_SEARCH_USER_PATHS = NO;
				DSTROOT = /tmp/AppYoda_iOS_SDK.dst;
				GCC_PRECOMPILE_PREFIX_HEADER = YES;
				GCC_PREFIX_HEADER = "AppYoda-iOS-SDK/Appacitive-iOS-SDK-Prefix.pch";
				OTHER_LDFLAGS = "-ObjC";
				PRODUCT_NAME = "Appacitive-iOS-SDK";
				SKIP_INSTALL = YES;
				TEST_AFTER_BUILD = NO;
			};
			name = Debug;
		};
		612E3E3015EDF8FE00F98FB8 /* Release */ = {
			isa = XCBuildConfiguration;
			baseConfigurationReference = 01DC32F44D8D45CAA1F2A598 /* Pods.xcconfig */;
			buildSettings = {
				ALWAYS_SEARCH_USER_PATHS = NO;
				DSTROOT = /tmp/AppYoda_iOS_SDK.dst;
				GCC_PRECOMPILE_PREFIX_HEADER = YES;
				GCC_PREFIX_HEADER = "AppYoda-iOS-SDK/Appacitive-iOS-SDK-Prefix.pch";
				OTHER_LDFLAGS = "-ObjC";
				PRODUCT_NAME = "Appacitive-iOS-SDK";
				SKIP_INSTALL = YES;
				TEST_AFTER_BUILD = NO;
			};
			name = Release;
		};
		612E3E3215EDF8FE00F98FB8 /* Debug */ = {
			isa = XCBuildConfiguration;
			baseConfigurationReference = 01DC32F44D8D45CAA1F2A598 /* Pods.xcconfig */;
			buildSettings = {
				ALWAYS_SEARCH_USER_PATHS = NO;
				FRAMEWORK_SEARCH_PATHS = (
					"$(SDKROOT)/Developer/Library/Frameworks",
					"$(DEVELOPER_LIBRARY_DIR)/Frameworks",
				);
				GCC_PRECOMPILE_PREFIX_HEADER = YES;
				GCC_PREFIX_HEADER = "AppYoda-iOS-SDK/Appacitive-iOS-SDK-Prefix.pch";
				HEADER_SEARCH_PATHS = (
					"\"${PODS_ROOT}/BuildHeaders\"",
					"\"${PODS_ROOT}/BuildHeaders/MKNetworkKit\"",
					"\"${PODS_ROOT}/BuildHeaders/MKNetworkKit/Categories\"",
					"\"${PODS_ROOT}/BuildHeaders/Reachability\"",
				);
				INFOPLIST_FILE = "";
				OTHER_LDFLAGS = (
					"-ObjC",
					"-all_load",
				);
				PRODUCT_NAME = "Appacitive-iOS-SDKTests";
				USER_HEADER_SEARCH_PATHS = "";
				WRAPPER_EXTENSION = octest;
			};
			name = Debug;
		};
		612E3E3315EDF8FE00F98FB8 /* Release */ = {
			isa = XCBuildConfiguration;
			buildSettings = {
				ALWAYS_SEARCH_USER_PATHS = NO;
				FRAMEWORK_SEARCH_PATHS = (
					"$(SDKROOT)/Developer/Library/Frameworks",
					"$(DEVELOPER_LIBRARY_DIR)/Frameworks",
				);
				GCC_PRECOMPILE_PREFIX_HEADER = YES;
				GCC_PREFIX_HEADER = "AppYoda-iOS-SDK/Appacitive-iOS-SDK-Prefix.pch";
				HEADER_SEARCH_PATHS = "$(inherited)";
				INFOPLIST_FILE = "";
				OTHER_LDFLAGS = (
					"-ObjC",
					"-all_load",
				);
				PRODUCT_NAME = "Appacitive-iOS-SDKTests";
				USER_HEADER_SEARCH_PATHS = "";
				WRAPPER_EXTENSION = octest;
			};
			name = Release;
		};
/* End XCBuildConfiguration section */

/* Begin XCConfigurationList section */
		612E3E0415EDF8FD00F98FB8 /* Build configuration list for PBXProject "Appacitive-iOS-SDK" */ = {
			isa = XCConfigurationList;
			buildConfigurations = (
				612E3E2C15EDF8FE00F98FB8 /* Debug */,
				612E3E2D15EDF8FE00F98FB8 /* Release */,
			);
			defaultConfigurationIsVisible = 0;
			defaultConfigurationName = Release;
		};
		612E3E2E15EDF8FE00F98FB8 /* Build configuration list for PBXNativeTarget "Appacitive-iOS-SDK" */ = {
			isa = XCConfigurationList;
			buildConfigurations = (
				612E3E2F15EDF8FE00F98FB8 /* Debug */,
				612E3E3015EDF8FE00F98FB8 /* Release */,
			);
			defaultConfigurationIsVisible = 0;
			defaultConfigurationName = Release;
		};
		612E3E3115EDF8FE00F98FB8 /* Build configuration list for PBXNativeTarget "Appacitive-iOS-SDKTests" */ = {
			isa = XCConfigurationList;
			buildConfigurations = (
				612E3E3215EDF8FE00F98FB8 /* Debug */,
				612E3E3315EDF8FE00F98FB8 /* Release */,
			);
			defaultConfigurationIsVisible = 0;
			defaultConfigurationName = Release;
		};
/* End XCConfigurationList section */
	};
	rootObject = 612E3E0115EDF8FD00F98FB8 /* Project object */;
}
